
Microsoft Visual Studio Solution File, Format Version 12.00
# Visual Studio Version 16
VisualStudioVersion = 16.0.30517.126
MinimumVisualStudioVersion = 10.0.40219.1
Project("{FAE04EC0-301F-11D3-BF4B-00C04F79EFBC}") = "FFmpegLite.NET", "src\FFmpegLite.NET\FFmpegLite.NET.csproj", "{36EE8B59-B1AD-4813-835B-6CBA97AE0340}"
EndProject
Project("{FAE04EC0-301F-11D3-BF4B-00C04F79EFBC}") = "FFmpegLiteSamples", "samples\FFmpegLiteSamples\FFmpegLiteSamples.csproj", "{7090092A-8DF2-4A0C-B5D3-DF84A36C202D}"
EndProject
Global
	GlobalSection(SolutionConfigurationPlatforms) = preSolution
		Debug|Any CPU = Debug|Any CPU
		Release|Any CPU = Release|Any CPU
	EndGlobalSection
	GlobalSection(ProjectConfigurationPlatforms) = postSolution
		{36EE8B59-B1AD-4813-835B-6CBA97AE0340}.Debug|Any CPU.ActiveCfg = Debug|Any CPU
		{36EE8B59-B1AD-4813-835B-6CBA97AE0340}.Debug|Any CPU.Build.0 = Debug|Any CPU
		{36EE8B59-B1AD-4813-835B-6CBA97AE0340}.Release|Any CPU.ActiveCfg = Release|Any CPU
		{36EE8B59-B1AD-4813-835B-6CBA97AE0340}.Release|Any CPU.Build.0 = Release|Any CPU
		{7090092A-8DF2-4A0C-B5D3-DF84A36C202D}.Debug|Any CPU.ActiveCfg = Debug|Any CPU
		{7090092A-8DF2-4A0C-B5D3-DF84A36C202D}.Debug|Any CPU.Build.0 = Debug|Any CPU
		{7090092A-8DF2-4A0C-B5D3-DF84A36C202D}.Release|Any CPU.ActiveCfg = Release|Any CPU
		{7090092A-8DF2-4A0C-B5D3-DF84A36C202D}.Release|Any CPU.Build.0 = Release|Any CPU
	EndGlobalSection
	GlobalSection(SolutionProperties) = preSolution
		HideSolutionNode = FALSE
	EndGlobalSection
	GlobalSection(ExtensibilityGlobals) = postSolution
		SolutionGuid = {50A12C8A-F982-49E1-8C64-0797F84F77EA}
	EndGlobalSection
EndGlobal
